
Microsoft Visual Studio Solution File, Format Version 12.00
# Visual Studio 15
VisualStudioVersion = 15.0.27428.2037
MinimumVisualStudioVersion = 10.0.40219.1
Project("{FAE04EC0-301F-11D3-BF4B-00C04F79EFBC}") = "GeoLayout", "GeoLayout\GeoLayout.csproj", "{E9B65ABA-5D86-497B-966D-1B364A56E245}"
EndProject
Project("{FAE04EC0-301F-11D3-BF4B-00C04F79EFBC}") = "GeoLayout.Domain", "GeoLayout.Domain\GeoLayout.Domain.csproj", "{D3E1F2BE-214A-4FC7-AF09-8D613AF2862C}"
EndProject
Project("{FAE04EC0-301F-11D3-BF4B-00C04F79EFBC}") = "Nordwest.Wpf.MapControl", "Nordwest.Wpf.MapControl\Nordwest.Wpf.MapControl.csproj", "{5B4E215F-CF3D-404D-B021-535BCEFDC2E9}"
EndProject
Project("{FAE04EC0-301F-11D3-BF4B-00C04F79EFBC}") = "Nordwest.Core", "Nordwest.Core\Nordwest.Core.csproj", "{035CE569-16A1-49DC-89DF-B2DBD0DF6CBF}"
EndProject
Project("{FAE04EC0-301F-11D3-BF4B-00C04F79EFBC}") = "GeoLayout.Tests", "GeoLayout.Tests\GeoLayout.Tests.csproj", "{8E1D52A4-5E8D-4DF1-B720-0A3AC03C41B5}"
EndProject
Global
	GlobalSection(SolutionConfigurationPlatforms) = preSolution
		Debug|Any CPU = Debug|Any CPU
		Release|Any CPU = Release|Any CPU
	EndGlobalSection
	GlobalSection(ProjectConfigurationPlatforms) = postSolution
		{E9B65ABA-5D86-497B-966D-1B364A56E245}.Debug|Any CPU.ActiveCfg = Debug|Any CPU
		{E9B65ABA-5D86-497B-966D-1B364A56E245}.Debug|Any CPU.Build.0 = Debug|Any CPU
		{E9B65ABA-5D86-497B-966D-1B364A56E245}.Release|Any CPU.ActiveCfg = Release|Any CPU
		{E9B65ABA-5D86-497B-966D-1B364A56E245}.Release|Any CPU.Build.0 = Release|Any CPU
		{D3E1F2BE-214A-4FC7-AF09-8D613AF2862C}.Debug|Any CPU.ActiveCfg = Debug|Any CPU
		{D3E1F2BE-214A-4FC7-AF09-8D613AF2862C}.Debug|Any CPU.Build.0 = Debug|Any CPU
		{D3E1F2BE-214A-4FC7-AF09-8D613AF2862C}.Release|Any CPU.ActiveCfg = Release|Any CPU
		{D3E1F2BE-214A-4FC7-AF09-8D613AF2862C}.Release|Any CPU.Build.0 = Release|Any CPU
		{5B4E215F-CF3D-404D-B021-535BCEFDC2E9}.Debug|Any CPU.ActiveCfg = Debug|Any CPU
		{5B4E215F-CF3D-404D-B021-535BCEFDC2E9}.Debug|Any CPU.Build.0 = Debug|Any CPU
		{5B4E215F-CF3D-404D-B021-535BCEFDC2E9}.Release|Any CPU.ActiveCfg = Release|Any CPU
		{5B4E215F-CF3D-404D-B021-535BCEFDC2E9}.Release|Any CPU.Build.0 = Release|Any CPU
		{035CE569-16A1-49DC-89DF-B2DBD0DF6CBF}.Debug|Any CPU.ActiveCfg = Debug|Any CPU
		{035CE569-16A1-49DC-89DF-B2DBD0DF6CBF}.Debug|Any CPU.Build.0 = Debug|Any CPU
		{035CE569-16A1-49DC-89DF-B2DBD0DF6CBF}.Release|Any CPU.ActiveCfg = Release|Any CPU
		{035CE569-16A1-49DC-89DF-B2DBD0DF6CBF}.Release|Any CPU.Build.0 = Release|Any CPU
		{8E1D52A4-5E8D-4DF1-B720-0A3AC03C41B5}.Debug|Any CPU.ActiveCfg = Debug|Any CPU
		{8E1D52A4-5E8D-4DF1-B720-0A3AC03C41B5}.Debug|Any CPU.Build.0 = Debug|Any CPU
		{8E1D52A4-5E8D-4DF1-B720-0A3AC03C41B5}.Release|Any CPU.ActiveCfg = Release|Any CPU
		{8E1D52A4-5E8D-4DF1-B720-0A3AC03C41B5}.Release|Any CPU.Build.0 = Release|Any CPU
	EndGlobalSection
	GlobalSection(SolutionProperties) = preSolution
		HideSolutionNode = FALSE
	EndGlobalSection
	GlobalSection(ExtensibilityGlobals) = postSolution
		SolutionGuid = {7A864D6D-B362-44AF-8BA1-7A71C637D46F}
	EndGlobalSection
EndGlobal
